
Microsoft Visual Studio Solution File, Format Version 12.00
# Visual Studio Version 17
VisualStudioVersion = 17.13.35913.81 d17.13
MinimumVisualStudioVersion = 10.0.40219.1
Project("{FAE04EC0-301F-11D3-BF4B-00C04F79EFBC}") = "AliMertBayrak", "AliMertBayrak.csproj", "{6EEEDF36-A076-499C-AFB2-2F5310D59859}"
EndProject
Global
	GlobalSection(SolutionConfigurationPlatforms) = preSolution
		Debug|Any CPU = Debug|Any CPU
		Release|Any CPU = Release|Any CPU
	EndGlobalSection
	GlobalSection(ProjectConfigurationPlatforms) = postSolution
		{6EEEDF36-A076-499C-AFB2-2F5310D59859}.Debug|Any CPU.ActiveCfg = Debug|Any CPU
		{6EEEDF36-A076-499C-AFB2-2F5310D59859}.Debug|Any CPU.Build.0 = Debug|Any CPU
		{6EEEDF36-A076-499C-AFB2-2F5310D59859}.Release|Any CPU.ActiveCfg = Release|Any CPU
		{6EEEDF36-A076-499C-AFB2-2F5310D59859}.Release|Any CPU.Build.0 = Release|Any CPU
	EndGlobalSection
	GlobalSection(SolutionProperties) = preSolution
		HideSolutionNode = FALSE
	EndGlobalSection
	GlobalSection(ExtensibilityGlobals) = postSolution
		SolutionGuid = {14E58E0D-2600-4A46-BE53-7E37B4E5EF07}
	EndGlobalSection
EndGlobal
